{
  "nodes": {
    "StarPU": {
      "inputs": {
        "flake-utils": "flake-utils",
        "nixpkgs": [
          "nixpkgs"
        ]
      },
      "locked": {
        "lastModified": 1785420733,
        "narHash": "sha256-KozN+jf58fepiloKHsvrPTmFcw1pBT8tKNwZr/RSQOU=",
        "owner": "Sacolle",
        "repo": "nix-starpu",
        "rev": "3925d1fb0cc7dec05b69172097e5917c03adbbaa",
        "type": "github"
      },
      "original": {
        "owner": "Sacolle",
        "repo": "nix-starpu",
        "type": "github"
      }
    },
    "StarPU_2": {
      "inputs": {
        "nixpkgs": [
          "eztrace",
          "nixpkgs"
        ]
      },
      "locked": {
        "lastModified": 1782310045,
        "narHash": "sha256-9BVSPw5FDFqft3246j45McYcFi37/rKAr5uiHrMZYqM=",
        "owner": "Sacolle",
        "repo": "nix-starpu",
        "rev": "dda0c51e9080bb641cd88adf83dd13c54a97f6a0",
        "type": "github"
      },
      "original": {
        "owner": "Sacolle",
        "repo": "nix-starpu",
        "type": "github"
      }
    },
    "cudaNixpkgs": {
      "locked": {
        "lastModified": 1738797219,
        "narHash": "sha256-KRwX9Z1XavpgeSDVM/THdFd6uH8rNm/6R+7kIbGa+2s=",
        "owner": "nixos",
        "repo": "nixpkgs",
        "rev": "1da52dd49a127ad74486b135898da2cef8c62665",
        "type": "github"
      },
      "original": {
        "owner": "nixos",
        "repo": "nixpkgs",
        "rev": "1da52dd49a127ad74486b135898da2cef8c62665",
        "type": "github"
      }
    },
    "eztrace": {
      "inputs": {
        "StarPU": "StarPU_2",
        "nixpkgs": [
          "nixpkgs"
        ],
        "starpu-new-src": "starpu-new-src"
      },
      "locked": {
        "lastModified": 1782398544,
        "narHash": "sha256-OfuholJmuKguvy0i4RxgFP05twvX3GvTr8m7Nayi0yA=",
        "owner": "Sacolle",
        "repo": "eztrace-pallas-nix",
        "rev": "6b6a620b376efe60b83a94627ac3407feb2f0d31",
        "type": "github"
      },
      "original": {
        "owner": "Sacolle",
        "repo": "eztrace-pallas-nix",
        "type": "github"
      }
    },
    "flake-utils": {
      "inputs": {
        "systems": "systems"
      },
      "locked": {
        "lastModified": 1731533236,
        "narHash": "sha256-l0KFg5HjrsfsO/JpG+r7fRrqm12kzFHyUHqHCVpMMbI=",
        "owner": "numtide",
        "repo": "flake-utils",
        "rev": "11707dc2f618dd54ca8739b309ec4fc024de578b",
        "type": "github"
      },
      "original": {
        "owner": "numtide",
        "repo": "flake-utils",
        "type": "github"
      }
    },
    "flake-utils_2": {
      "inputs": {
        "systems": "systems_2"
      },
      "locked": {
        "lastModified": 1731533236,
        "narHash": "sha256-l0KFg5HjrsfsO/JpG+r7fRrqm12kzFHyUHqHCVpMMbI=",
        "owner": "numtide",
        "repo": "flake-utils",
        "rev": "11707dc2f618dd54ca8739b309ec4fc024de578b",
        "type": "github"
      },
      "original": {
        "owner": "numtide",
        "repo": "flake-utils",
        "type": "github"
      }
    },
    "nix-gl-host": {
      "inputs": {
        "nixpkgs": [
          "nixpkgs"
        ]
      },
      "locked": {
        "lastModified": 1732211616,
        "narHash": "sha256-QZCKJoypcwgS3tDNSWMjlxEBZtOYPW3eXV24rMzKsac=",
        "owner": "numtide",
        "repo": "nix-gl-host",
        "rev": "5269b233f83880a0b433eafe026f0bc0d8f1a4a9",
        "type": "github"
      },
      "original": {
        "owner": "numtide",
        "repo": "nix-gl-host",
        "type": "github"
      }
    },
    "nixpkgs": {
      "locked": {
        "lastModified": 1782535326,
        "narHash": "sha256-ZeRxu4yn6shd3SNF5ZUQb4r7BaVo1zBKMjRhfoNSBmw=",
        "owner": "nixos",
        "repo": "nixpkgs",
        "rev": "714a5f8c4ead6b31148d829288440ed033ccc041",
        "type": "github"
      },
      "original": {
        "owner": "nixos",
        "ref": "nixos-26.05",
        "repo": "nixpkgs",
        "type": "github"
      }
    },
    "root": {
      "inputs": {
        "StarPU": "StarPU",
        "cudaNixpkgs": "cudaNixpkgs",
        "eztrace": "eztrace",
        "flake-utils": "flake-utils_2",
        "nix-gl-host": "nix-gl-host",
        "nixpkgs": "nixpkgs"
      }
    },
    "starpu-new-src": {
      "flake": false,
      "locked": {
        "host": "gitlab.inria.fr",
        "lastModified": 1776682404,
        "narHash": "sha256-anEWb9QVbWD3w9mGO2tTILxlsvIIoGaIrIi78W/zn5g=",
        "owner": "starpu",
        "repo": "starpu",
        "rev": "9af82fcb545815f8faae5868b72adf615dfc01f0",
        "type": "gitlab"
      },
      "original": {
        "host": "gitlab.inria.fr",
        "owner": "starpu",
        "repo": "starpu",
        "rev": "9af82fcb545815f8faae5868b72adf615dfc01f0",
        "type": "gitlab"
      }
    },
    "systems": {
      "locked": {
        "lastModified": 1681028828,
        "narHash": "sha256-Vy1rq5AaRuLzOxct8nz4T6wlgyUR7zLU309k9mBC768=",
        "owner": "nix-systems",
        "repo": "default",
        "rev": "da67096a3b9bf56a91d16901293e51ba5b49a27e",
        "type": "github"
      },
      "original": {
        "owner": "nix-systems",
        "repo": "default",
        "type": "github"
      }
    },
    "systems_2": {
      "locked": {
        "lastModified": 1681028828,
        "narHash": "sha256-Vy1rq5AaRuLzOxct8nz4T6wlgyUR7zLU309k9mBC768=",
        "owner": "nix-systems",
        "repo": "default",
        "rev": "da67096a3b9bf56a91d16901293e51ba5b49a27e",
        "type": "github"
      },
      "original": {
        "owner": "nix-systems",
        "repo": "default",
        "type": "github"
      }
    }
  },
  "root": "root",
  "version": 7
}
